
Microsoft Visual Studio Solution File, Format Version 12.00
Project("{2150E333-8FDC-42A3-9474-1A3956D46DE8}") = "src", "src", "{743F835B-0161-414A-A549-844EEF8365A7}"
EndProject
Project("{2150E333-8FDC-42A3-9474-1A3956D46DE8}") = "Bootstrapper", "Bootstrapper", "{50D74C10-3D28-4B03-BC12-B72F634ADC51}"
EndProject
Project("{2150E333-8FDC-42A3-9474-1A3956D46DE8}") = "Modules", "Modules", "{12007100-7E1E-411F-A5A4-8923A24FA3DD}"
EndProject
Project("{2150E333-8FDC-42A3-9474-1A3956D46DE8}") = "Shared", "Shared", "{82DF9F37-9770-4A94-B696-3C9B0D1B17C5}"
EndProject
Project("{2150E333-8FDC-42A3-9474-1A3956D46DE8}") = "tests", "tests", "{F65DE867-E077-4BFF-A7FF-342CEAFFDCB6}"
EndProject
Project("{FAE04EC0-301F-11D3-BF4B-00C04F79EFBC}") = "Confab.Shared.Abstractions", "src\Shared\Confab.Shared.Abstractions\Confab.Shared.Abstractions.csproj", "{398DD24C-4A6C-41A9-9A9D-141D1932E81F}"
EndProject
Project("{FAE04EC0-301F-11D3-BF4B-00C04F79EFBC}") = "Confab.Shared.Infrastructure", "src\Shared\Confab.Shared.Infrastructure\Confab.Shared.Infrastructure.csproj", "{03A4AFE6-B65E-41EA-8117-207011225876}"
EndProject
Project("{FAE04EC0-301F-11D3-BF4B-00C04F79EFBC}") = "Confab.Bootstrapper", "src\Bootstrapper\Confab.Bootstrapper\Confab.Bootstrapper.csproj", "{D1E2F412-2F63-4D32-95D7-A5DCD8481A12}"
EndProject
Global
	GlobalSection(SolutionConfigurationPlatforms) = preSolution
		Debug|Any CPU = Debug|Any CPU
		Release|Any CPU = Release|Any CPU
	EndGlobalSection
	GlobalSection(ProjectConfigurationPlatforms) = postSolution
		{398DD24C-4A6C-41A9-9A9D-141D1932E81F}.Debug|Any CPU.ActiveCfg = Debug|Any CPU
		{398DD24C-4A6C-41A9-9A9D-141D1932E81F}.Debug|Any CPU.Build.0 = Debug|Any CPU
		{398DD24C-4A6C-41A9-9A9D-141D1932E81F}.Release|Any CPU.ActiveCfg = Release|Any CPU
		{398DD24C-4A6C-41A9-9A9D-141D1932E81F}.Release|Any CPU.Build.0 = Release|Any CPU
		{03A4AFE6-B65E-41EA-8117-207011225876}.Debug|Any CPU.ActiveCfg = Debug|Any CPU
		{03A4AFE6-B65E-41EA-8117-207011225876}.Debug|Any CPU.Build.0 = Debug|Any CPU
		{03A4AFE6-B65E-41EA-8117-207011225876}.Release|Any CPU.ActiveCfg = Release|Any CPU
		{03A4AFE6-B65E-41EA-8117-207011225876}.Release|Any CPU.Build.0 = Release|Any CPU
		{D1E2F412-2F63-4D32-95D7-A5DCD8481A12}.Debug|Any CPU.ActiveCfg = Debug|Any CPU
		{D1E2F412-2F63-4D32-95D7-A5DCD8481A12}.Debug|Any CPU.Build.0 = Debug|Any CPU
		{D1E2F412-2F63-4D32-95D7-A5DCD8481A12}.Release|Any CPU.ActiveCfg = Release|Any CPU
		{D1E2F412-2F63-4D32-95D7-A5DCD8481A12}.Release|Any CPU.Build.0 = Release|Any CPU
	EndGlobalSection
	GlobalSection(NestedProjects) = preSolution
		{50D74C10-3D28-4B03-BC12-B72F634ADC51} = {743F835B-0161-414A-A549-844EEF8365A7}
		{12007100-7E1E-411F-A5A4-8923A24FA3DD} = {743F835B-0161-414A-A549-844EEF8365A7}
		{82DF9F37-9770-4A94-B696-3C9B0D1B17C5} = {743F835B-0161-414A-A549-844EEF8365A7}
		{398DD24C-4A6C-41A9-9A9D-141D1932E81F} = {82DF9F37-9770-4A94-B696-3C9B0D1B17C5}
		{03A4AFE6-B65E-41EA-8117-207011225876} = {82DF9F37-9770-4A94-B696-3C9B0D1B17C5}
		{D1E2F412-2F63-4D32-95D7-A5DCD8481A12} = {50D74C10-3D28-4B03-BC12-B72F634ADC51}
	EndGlobalSection
EndGlobal
